
Microsoft Visual Studio Solution File, Format Version 12.00
# Visual Studio Version 16
VisualStudioVersion = 16.0.29609.76
MinimumVisualStudioVersion = 10.0.40219.1
Project("{2150E333-8FDC-42A3-9474-1A3956D46DE8}") = "UI", "UI", "{C5823673-D87E-420E-BA17-89C20969FB0F}"
EndProject
Project("{FAE04EC0-301F-11D3-BF4B-00C04F79EFBC}") = "Hoursly", "Hoursly\Hoursly.csproj", "{1DB079BA-88B8-47F5-82E5-5BCF6F0CAECF}"
EndProject
Global
	GlobalSection(SolutionConfigurationPlatforms) = preSolution
		Debug|Any CPU = Debug|Any CPU
		Release|Any CPU = Release|Any CPU
	EndGlobalSection
	GlobalSection(ProjectConfigurationPlatforms) = postSolution
		{1DB079BA-88B8-47F5-82E5-5BCF6F0CAECF}.Debug|Any CPU.ActiveCfg = Debug|Any CPU
		{1DB079BA-88B8-47F5-82E5-5BCF6F0CAECF}.Debug|Any CPU.Build.0 = Debug|Any CPU
		{1DB079BA-88B8-47F5-82E5-5BCF6F0CAECF}.Release|Any CPU.ActiveCfg = Release|Any CPU
		{1DB079BA-88B8-47F5-82E5-5BCF6F0CAECF}.Release|Any CPU.Build.0 = Release|Any CPU
	EndGlobalSection
	GlobalSection(SolutionProperties) = preSolution
		HideSolutionNode = FALSE
	EndGlobalSection
	GlobalSection(NestedProjects) = preSolution
		{1DB079BA-88B8-47F5-82E5-5BCF6F0CAECF} = {C5823673-D87E-420E-BA17-89C20969FB0F}
	EndGlobalSection
	GlobalSection(ExtensibilityGlobals) = postSolution
		SolutionGuid = {6AC58BCC-F64C-4AD7-BD58-E1A2BDAD7AB0}
	EndGlobalSection
EndGlobal
